
Microsoft Visual Studio Solution File, Format Version 12.00
# Visual Studio Version 17
VisualStudioVersion = 17.13.35919.96
MinimumVisualStudioVersion = 10.0.40219.1
Project("{FAE04EC0-301F-11D3-BF4B-00C04F79EFBC}") = "CRM_User.Web", "CRM_User_Management\CRM_User.Web.csproj", "{CF9FB54E-EC54-4538-B83F-FC8764C2A603}"
EndProject
Project("{FAE04EC0-301F-11D3-BF4B-00C04F79EFBC}") = "CRM_User.Domain", "User.Domain\CRM_User.Domain.csproj", "{33A93EEF-3695-4FFF-94C2-E9DD1F4ED864}"
EndProject
Project("{FAE04EC0-301F-11D3-BF4B-00C04F79EFBC}") = "CRM_User.infrastructure", "User.infrastructure\CRM_User.infrastructure.csproj", "{D10A8F87-5400-4978-9636-D390C4939E4F}"
EndProject
Project("{FAE04EC0-301F-11D3-BF4B-00C04F79EFBC}") = "CRM_User.Application", "User.Application\CRM_User.Application.csproj", "{C24FE76F-4D1D-4333-A570-FC5D9E6168B4}"
EndProject
Project("{FAE04EC0-301F-11D3-BF4B-00C04F79EFBC}") = "CRM_User.Service", "User.Service\CRM_User.Service.csproj", "{0BBC5E13-EA67-4304-8904-D3F04D3798FF}"
EndProject
Global
	GlobalSection(SolutionConfigurationPlatforms) = preSolution
		Debug|Any CPU = Debug|Any CPU
		Release|Any CPU = Release|Any CPU
	EndGlobalSection
	GlobalSection(ProjectConfigurationPlatforms) = postSolution
		{CF9FB54E-EC54-4538-B83F-FC8764C2A603}.Debug|Any CPU.ActiveCfg = Debug|Any CPU
		{CF9FB54E-EC54-4538-B83F-FC8764C2A603}.Debug|Any CPU.Build.0 = Debug|Any CPU
		{CF9FB54E-EC54-4538-B83F-FC8764C2A603}.Release|Any CPU.ActiveCfg = Release|Any CPU
		{CF9FB54E-EC54-4538-B83F-FC8764C2A603}.Release|Any CPU.Build.0 = Release|Any CPU
		{33A93EEF-3695-4FFF-94C2-E9DD1F4ED864}.Debug|Any CPU.ActiveCfg = Debug|Any CPU
		{33A93EEF-3695-4FFF-94C2-E9DD1F4ED864}.Debug|Any CPU.Build.0 = Debug|Any CPU
		{33A93EEF-3695-4FFF-94C2-E9DD1F4ED864}.Release|Any CPU.ActiveCfg = Release|Any CPU
		{33A93EEF-3695-4FFF-94C2-E9DD1F4ED864}.Release|Any CPU.Build.0 = Release|Any CPU
		{D10A8F87-5400-4978-9636-D390C4939E4F}.Debug|Any CPU.ActiveCfg = Debug|Any CPU
		{D10A8F87-5400-4978-9636-D390C4939E4F}.Debug|Any CPU.Build.0 = Debug|Any CPU
		{D10A8F87-5400-4978-9636-D390C4939E4F}.Release|Any CPU.ActiveCfg = Release|Any CPU
		{D10A8F87-5400-4978-9636-D390C4939E4F}.Release|Any CPU.Build.0 = Release|Any CPU
		{C24FE76F-4D1D-4333-A570-FC5D9E6168B4}.Debug|Any CPU.ActiveCfg = Debug|Any CPU
		{C24FE76F-4D1D-4333-A570-FC5D9E6168B4}.Debug|Any CPU.Build.0 = Debug|Any CPU
		{C24FE76F-4D1D-4333-A570-FC5D9E6168B4}.Release|Any CPU.ActiveCfg = Release|Any CPU
		{C24FE76F-4D1D-4333-A570-FC5D9E6168B4}.Release|Any CPU.Build.0 = Release|Any CPU
		{0BBC5E13-EA67-4304-8904-D3F04D3798FF}.Debug|Any CPU.ActiveCfg = Debug|Any CPU
		{0BBC5E13-EA67-4304-8904-D3F04D3798FF}.Debug|Any CPU.Build.0 = Debug|Any CPU
		{0BBC5E13-EA67-4304-8904-D3F04D3798FF}.Release|Any CPU.ActiveCfg = Release|Any CPU
		{0BBC5E13-EA67-4304-8904-D3F04D3798FF}.Release|Any CPU.Build.0 = Release|Any CPU
	EndGlobalSection
	GlobalSection(SolutionProperties) = preSolution
		HideSolutionNode = FALSE
	EndGlobalSection
	GlobalSection(ExtensibilityGlobals) = postSolution
		SolutionGuid = {3521D958-1C51-4EC7-9440-83D02717C198}
	EndGlobalSection
EndGlobal
